
Microsoft Visual Studio Solution File, Format Version 12.00
# Visual Studio Version 17
VisualStudioVersion = 17.6.33723.286
MinimumVisualStudioVersion = 10.0.40219.1
Project("{8BC9CEB8-8B4A-11D0-8D11-00A0C91BC942}") = "GameServer", "GameServer\GameServer.vcxproj", "{2A16F7C1-81A5-4A8E-ADC9-391E1BAE6300}"
EndProject
Project("{8BC9CEB8-8B4A-11D0-8D11-00A0C91BC942}") = "DummyClient", "DummyClient\DummyClient.vcxproj", "{C8673B34-E515-4FA7-A320-9FFC1B61C399}"
EndProject
Project("{8BC9CEB8-8B4A-11D0-8D11-00A0C91BC942}") = "ServerCore", "ServerCore\ServerCore.vcxproj", "{705B6A11-F950-4DDC-9E67-F9ACCFA0B538}"
EndProject
Project("{2150E333-8FDC-42A3-9474-1A3956D46DE8}") = "Tools", "Tools", "{2F6A6A59-AE15-4F32-8401-5B29BD338F3A}"
EndProject
Project("{888888A0-9F3D-457C-B088-3A5042F75D52}") = "PacketGenerator", "Tools\PacketGenerator\PacketGenerator.pyproj", "{2DCD6DF2-6F34-4FC1-9BFE-327F851360CB}"
EndProject
Global
	GlobalSection(SolutionConfigurationPlatforms) = preSolution
		Debug|Any CPU = Debug|Any CPU
		Debug|x64 = Debug|x64
		Debug|x86 = Debug|x86
		Release|Any CPU = Release|Any CPU
		Release|x64 = Release|x64
		Release|x86 = Release|x86
	EndGlobalSection
	GlobalSection(ProjectConfigurationPlatforms) = postSolution
		{2A16F7C1-81A5-4A8E-ADC9-391E1BAE6300}.Debug|Any CPU.ActiveCfg = Debug|x64
		{2A16F7C1-81A5-4A8E-ADC9-391E1BAE6300}.Debug|Any CPU.Build.0 = Debug|x64
		{2A16F7C1-81A5-4A8E-ADC9-391E1BAE6300}.Debug|x64.ActiveCfg = Debug|x64
		{2A16F7C1-81A5-4A8E-ADC9-391E1BAE6300}.Debug|x64.Build.0 = Debug|x64
		{2A16F7C1-81A5-4A8E-ADC9-391E1BAE6300}.Debug|x86.ActiveCfg = Debug|Win32
		{2A16F7C1-81A5-4A8E-ADC9-391E1BAE6300}.Debug|x86.Build.0 = Debug|Win32
		{2A16F7C1-81A5-4A8E-ADC9-391E1BAE6300}.Release|Any CPU.ActiveCfg = Release|x64
		{2A16F7C1-81A5-4A8E-ADC9-391E1BAE6300}.Release|Any CPU.Build.0 = Release|x64
		{2A16F7C1-81A5-4A8E-ADC9-391E1BAE6300}.Release|x64.ActiveCfg = Release|x64
		{2A16F7C1-81A5-4A8E-ADC9-391E1BAE6300}.Release|x64.Build.0 = Release|x64
		{2A16F7C1-81A5-4A8E-ADC9-391E1BAE6300}.Release|x86.ActiveCfg = Release|Win32
		{2A16F7C1-81A5-4A8E-ADC9-391E1BAE6300}.Release|x86.Build.0 = Release|Win32
		{C8673B34-E515-4FA7-A320-9FFC1B61C399}.Debug|Any CPU.ActiveCfg = Debug|x64
		{C8673B34-E515-4FA7-A320-9FFC1B61C399}.Debug|Any CPU.Build.0 = Debug|x64
		{C8673B34-E515-4FA7-A320-9FFC1B61C399}.Debug|x64.ActiveCfg = Debug|x64
		{C8673B34-E515-4FA7-A320-9FFC1B61C399}.Debug|x64.Build.0 = Debug|x64
		{C8673B34-E515-4FA7-A320-9FFC1B61C399}.Debug|x86.ActiveCfg = Debug|Win32
		{C8673B34-E515-4FA7-A320-9FFC1B61C399}.Debug|x86.Build.0 = Debug|Win32
		{C8673B34-E515-4FA7-A320-9FFC1B61C399}.Release|Any CPU.ActiveCfg = Release|x64
		{C8673B34-E515-4FA7-A320-9FFC1B61C399}.Release|Any CPU.Build.0 = Release|x64
		{C8673B34-E515-4FA7-A320-9FFC1B61C399}.Release|x64.ActiveCfg = Release|x64
		{C8673B34-E515-4FA7-A320-9FFC1B61C399}.Release|x64.Build.0 = Release|x64
		{C8673B34-E515-4FA7-A320-9FFC1B61C399}.Release|x86.ActiveCfg = Release|Win32
		{C8673B34-E515-4FA7-A320-9FFC1B61C399}.Release|x86.Build.0 = Release|Win32
		{705B6A11-F950-4DDC-9E67-F9ACCFA0B538}.Debug|Any CPU.ActiveCfg = Debug|x64
		{705B6A11-F950-4DDC-9E67-F9ACCFA0B538}.Debug|Any CPU.Build.0 = Debug|x64
		{705B6A11-F950-4DDC-9E67-F9ACCFA0B538}.Debug|x64.ActiveCfg = Debug|x64
		{705B6A11-F950-4DDC-9E67-F9ACCFA0B538}.Debug|x64.Build.0 = Debug|x64
		{705B6A11-F950-4DDC-9E67-F9ACCFA0B538}.Debug|x86.ActiveCfg = Debug|Win32
		{705B6A11-F950-4DDC-9E67-F9ACCFA0B538}.Debug|x86.Build.0 = Debug|Win32
		{705B6A11-F950-4DDC-9E67-F9ACCFA0B538}.Release|Any CPU.ActiveCfg = Release|x64
		{705B6A11-F950-4DDC-9E67-F9ACCFA0B538}.Release|Any CPU.Build.0 = Release|x64
		{705B6A11-F950-4DDC-9E67-F9ACCFA0B538}.Release|x64.ActiveCfg = Release|x64
		{705B6A11-F950-4DDC-9E67-F9ACCFA0B538}.Release|x64.Build.0 = Release|x64
		{705B6A11-F950-4DDC-9E67-F9ACCFA0B538}.Release|x86.ActiveCfg = Release|Win32
		{705B6A11-F950-4DDC-9E67-F9ACCFA0B538}.Release|x86.Build.0 = Release|Win32
		{2DCD6DF2-6F34-4FC1-9BFE-327F851360CB}.Debug|Any CPU.ActiveCfg = Debug|Any CPU
		{2DCD6DF2-6F34-4FC1-9BFE-327F851360CB}.Debug|x64.ActiveCfg = Debug|Any CPU
		{2DCD6DF2-6F34-4FC1-9BFE-327F851360CB}.Debug|x86.ActiveCfg = Debug|Any CPU
		{2DCD6DF2-6F34-4FC1-9BFE-327F851360CB}.Release|Any CPU.ActiveCfg = Release|Any CPU
		{2DCD6DF2-6F34-4FC1-9BFE-327F851360CB}.Release|x64.ActiveCfg = Release|Any CPU
		{2DCD6DF2-6F34-4FC1-9BFE-327F851360CB}.Release|x86.ActiveCfg = Release|Any CPU
	EndGlobalSection
	GlobalSection(SolutionProperties) = preSolution
		HideSolutionNode = FALSE
	EndGlobalSection
	GlobalSection(NestedProjects) = preSolution
		{2DCD6DF2-6F34-4FC1-9BFE-327F851360CB} = {2F6A6A59-AE15-4F32-8401-5B29BD338F3A}
	EndGlobalSection
	GlobalSection(ExtensibilityGlobals) = postSolution
		SolutionGuid = {D09F5715-7884-41A0-84CA-B04F96BCE0EB}
	EndGlobalSection
EndGlobal
